
Microsoft Visual Studio Solution File, Format Version 12.00
# Visual Studio Version 17
VisualStudioVersion = 17.11.35208.52
MinimumVisualStudioVersion = 10.0.40219.1
Project("{FAE04EC0-301F-11D3-BF4B-00C04F79EFBC}") = "Thermometer_0822", "Thermometer_0822.csproj", "{95654A6A-F577-422B-AD2B-65F1FBCFA247}"
EndProject
Global
	GlobalSection(SolutionConfigurationPlatforms) = preSolution
		Debug|Any CPU = Debug|Any CPU
		Release|Any CPU = Release|Any CPU
	EndGlobalSection
	GlobalSection(ProjectConfigurationPlatforms) = postSolution
		{95654A6A-F577-422B-AD2B-65F1FBCFA247}.Debug|Any CPU.ActiveCfg = Debug|Any CPU
		{95654A6A-F577-422B-AD2B-65F1FBCFA247}.Debug|Any CPU.Build.0 = Debug|Any CPU
		{95654A6A-F577-422B-AD2B-65F1FBCFA247}.Release|Any CPU.ActiveCfg = Release|Any CPU
		{95654A6A-F577-422B-AD2B-65F1FBCFA247}.Release|Any CPU.Build.0 = Release|Any CPU
	EndGlobalSection
	GlobalSection(SolutionProperties) = preSolution
		HideSolutionNode = FALSE
	EndGlobalSection
	GlobalSection(ExtensibilityGlobals) = postSolution
		SolutionGuid = {F08FA9A3-A82B-4FB1-9671-3FA466E7F265}
	EndGlobalSection
EndGlobal
