
Microsoft Visual Studio Solution File, Format Version 12.00
# Visual Studio Version 17
VisualStudioVersion = 17.5.002.0
MinimumVisualStudioVersion = 10.0.40219.1
Project("{9A19103F-16F7-4668-BE54-9A1E7A4F7556}") = "MergeSortPresentation", "MergeSortPresentation.csproj", "{7D3462B5-EA64-47BE-8521-E06D925C3B18}"
EndProject
Global
	GlobalSection(SolutionConfigurationPlatforms) = preSolution
		Debug|Any CPU = Debug|Any CPU
		Release|Any CPU = Release|Any CPU
	EndGlobalSection
	GlobalSection(ProjectConfigurationPlatforms) = postSolution
		{7D3462B5-EA64-47BE-8521-E06D925C3B18}.Debug|Any CPU.ActiveCfg = Debug|Any CPU
		{7D3462B5-EA64-47BE-8521-E06D925C3B18}.Debug|Any CPU.Build.0 = Debug|Any CPU
		{7D3462B5-EA64-47BE-8521-E06D925C3B18}.Release|Any CPU.ActiveCfg = Release|Any CPU
		{7D3462B5-EA64-47BE-8521-E06D925C3B18}.Release|Any CPU.Build.0 = Release|Any CPU
	EndGlobalSection
	GlobalSection(SolutionProperties) = preSolution
		HideSolutionNode = FALSE
	EndGlobalSection
	GlobalSection(ExtensibilityGlobals) = postSolution
		SolutionGuid = {F7542994-0AE4-4AEC-94BC-41FA94CED9E3}
	EndGlobalSection
EndGlobal
