
Microsoft Visual Studio Solution File, Format Version 12.00
# Visual Studio Version 17
VisualStudioVersion = 17.11.35208.52
MinimumVisualStudioVersion = 10.0.40219.1
Project("{FAE04EC0-301F-11D3-BF4B-00C04F79EFBC}") = "Runner", "Runner.csproj", "{11D38F7A-6DBC-4209-932E-543F0FCE0C5A}"
EndProject
Global
	GlobalSection(SolutionConfigurationPlatforms) = preSolution
		Debug|Any CPU = Debug|Any CPU
		Release|Any CPU = Release|Any CPU
	EndGlobalSection
	GlobalSection(ProjectConfigurationPlatforms) = postSolution
		{11D38F7A-6DBC-4209-932E-543F0FCE0C5A}.Debug|Any CPU.ActiveCfg = Debug|Any CPU
		{11D38F7A-6DBC-4209-932E-543F0FCE0C5A}.Debug|Any CPU.Build.0 = Debug|Any CPU
		{11D38F7A-6DBC-4209-932E-543F0FCE0C5A}.Release|Any CPU.ActiveCfg = Release|Any CPU
		{11D38F7A-6DBC-4209-932E-543F0FCE0C5A}.Release|Any CPU.Build.0 = Release|Any CPU
	EndGlobalSection
	GlobalSection(SolutionProperties) = preSolution
		HideSolutionNode = FALSE
	EndGlobalSection
	GlobalSection(ExtensibilityGlobals) = postSolution
		SolutionGuid = {DBC2B22E-9044-4AD3-896D-AE9E3D95D146}
	EndGlobalSection
EndGlobal
