
Microsoft Visual Studio Solution File, Format Version 12.00
# Visual Studio Version 17
VisualStudioVersion = 17.11.35208.52
MinimumVisualStudioVersion = 10.0.40219.1
Project("{FAE04EC0-301F-11D3-BF4B-00C04F79EFBC}") = "ShoppingList", "ShoppingList.csproj", "{0753D985-DE55-49F4-A2EF-3FEC7B469ACC}"
EndProject
Global
	GlobalSection(SolutionConfigurationPlatforms) = preSolution
		Debug|Any CPU = Debug|Any CPU
		Release|Any CPU = Release|Any CPU
	EndGlobalSection
	GlobalSection(ProjectConfigurationPlatforms) = postSolution
		{0753D985-DE55-49F4-A2EF-3FEC7B469ACC}.Debug|Any CPU.ActiveCfg = Debug|Any CPU
		{0753D985-DE55-49F4-A2EF-3FEC7B469ACC}.Debug|Any CPU.Build.0 = Debug|Any CPU
		{0753D985-DE55-49F4-A2EF-3FEC7B469ACC}.Release|Any CPU.ActiveCfg = Release|Any CPU
		{0753D985-DE55-49F4-A2EF-3FEC7B469ACC}.Release|Any CPU.Build.0 = Release|Any CPU
	EndGlobalSection
	GlobalSection(SolutionProperties) = preSolution
		HideSolutionNode = FALSE
	EndGlobalSection
	GlobalSection(ExtensibilityGlobals) = postSolution
		SolutionGuid = {BC0B817F-78E9-4CBE-9CA6-9C985EAB098B}
	EndGlobalSection
EndGlobal
