
Microsoft Visual Studio Solution File, Format Version 12.00
# Visual Studio Version 17
VisualStudioVersion = 17.11.35208.52
MinimumVisualStudioVersion = 10.0.40219.1
Project("{FAE04EC0-301F-11D3-BF4B-00C04F79EFBC}") = "NumericUpDownTimer", "NumericUpDownTimer.csproj", "{2AADEE1E-DEC5-4BAD-9605-C6E2486F34BE}"
EndProject
Global
	GlobalSection(SolutionConfigurationPlatforms) = preSolution
		Debug|Any CPU = Debug|Any CPU
		Release|Any CPU = Release|Any CPU
	EndGlobalSection
	GlobalSection(ProjectConfigurationPlatforms) = postSolution
		{2AADEE1E-DEC5-4BAD-9605-C6E2486F34BE}.Debug|Any CPU.ActiveCfg = Debug|Any CPU
		{2AADEE1E-DEC5-4BAD-9605-C6E2486F34BE}.Debug|Any CPU.Build.0 = Debug|Any CPU
		{2AADEE1E-DEC5-4BAD-9605-C6E2486F34BE}.Release|Any CPU.ActiveCfg = Release|Any CPU
		{2AADEE1E-DEC5-4BAD-9605-C6E2486F34BE}.Release|Any CPU.Build.0 = Release|Any CPU
	EndGlobalSection
	GlobalSection(SolutionProperties) = preSolution
		HideSolutionNode = FALSE
	EndGlobalSection
	GlobalSection(ExtensibilityGlobals) = postSolution
		SolutionGuid = {FB08D5BC-9F56-4A1B-A792-316CDDAF37B2}
	EndGlobalSection
EndGlobal
